
Microsoft Visual Studio Solution File, Format Version 12.00
# Visual Studio Version 16
VisualStudioVersion = 16.0.29411.138
MinimumVisualStudioVersion = 10.0.40219.1
Project("{FAE04EC0-301F-11D3-BF4B-00C04F79EFBC}") = "Cypher", "Cypher\Cypher.csproj", "{CEA4FE81-7D07-4949-9401-E54A9DBFE085}"
EndProject
Global
	GlobalSection(SolutionConfigurationPlatforms) = preSolution
		Debug|Any CPU = Debug|Any CPU
		Release|Any CPU = Release|Any CPU
	EndGlobalSection
	GlobalSection(ProjectConfigurationPlatforms) = postSolution
		{CEA4FE81-7D07-4949-9401-E54A9DBFE085}.Debug|Any CPU.ActiveCfg = Debug|Any CPU
		{CEA4FE81-7D07-4949-9401-E54A9DBFE085}.Debug|Any CPU.Build.0 = Debug|Any CPU
		{CEA4FE81-7D07-4949-9401-E54A9DBFE085}.Release|Any CPU.ActiveCfg = Release|Any CPU
		{CEA4FE81-7D07-4949-9401-E54A9DBFE085}.Release|Any CPU.Build.0 = Release|Any CPU
	EndGlobalSection
	GlobalSection(SolutionProperties) = preSolution
		HideSolutionNode = FALSE
	EndGlobalSection
	GlobalSection(ExtensibilityGlobals) = postSolution
		SolutionGuid = {B9BCBD74-3B01-400C-92EF-1D1991A3864F}
	EndGlobalSection
EndGlobal
